{
  "originHash" : "023c2c691c76710f3a41d522857d4096ca98df0b579c4c31a8d7f2ccf2f495f5",
  "pins" : [
    {
      "identity" : "bezelkit",
      "kind" : "remoteSourceControl",
      "location" : "https://github.com/markbattistella/BezelKit",
      "state" : {
        "revision" : "227b41b77b44463fde8ef851cdc69553ad973a47",
        "version" : "3.2.0"
      }
    },
    {
      "identity" : "vgsl",
      "kind" : "remoteSourceControl",
      "location" : "https://github.com/yandex/vgsl.git",
      "state" : {
        "revision" : "3b3b624e9bb8d1606d3128320b2ccd4f5e45aab1",
        "version" : "6.18.0"
      }
    }
  ],
  "version" : 3
}
