{
  "originHash" : "cfe2904e185af7837d9b084f90a581bb1f4f0686c0b6196be22f4050080871e6",
  "pins" : [
    {
      "identity" : "bezelkit",
      "kind" : "remoteSourceControl",
      "location" : "https://github.com/markbattistella/BezelKit",
      "state" : {
        "revision" : "fc2bdcb9a4a02cfc09b17ce6db028b4b0cdcd75f",
        "version" : "3.4.0"
      }
    },
    {
      "identity" : "vgsl",
      "kind" : "remoteSourceControl",
      "location" : "https://github.com/yandex/vgsl.git",
      "state" : {
        "revision" : "3139e0a527859b53f639d88061b7e9d0920beec9",
        "version" : "6.28.1"
      }
    }
  ],
  "version" : 3
}
